
Microsoft Visual Studio Solution File, Format Version 12.00
# Visual Studio Version 17
VisualStudioVersion = 17.4.33205.214
MinimumVisualStudioVersion = 10.0.40219.1
Project("{FAE04EC0-301F-11D3-BF4B-00C04F79EFBC}") = "SlideDemo.UWP", "SlideDemo\SlideDemo.UWP\SlideDemo.UWP.csproj", "{C1A889EE-F13B-4E97-B65E-F44CF6C5EA85}"
EndProject
Project("{FAE04EC0-301F-11D3-BF4B-00C04F79EFBC}") = "SlideDemo.Android", "SlideDemo\SlideDemo.Android\SlideDemo.Android.csproj", "{D370742B-4410-403A-AC52-8F4D9ED54A39}"
EndProject
Project("{FAE04EC0-301F-11D3-BF4B-00C04F79EFBC}") = "SlideDemo", "SlideDemo\SlideDemo\SlideDemo.csproj", "{A6415034-F8CC-40D8-9D80-A921BDE95658}"
EndProject
Global
	GlobalSection(SolutionConfigurationPlatforms) = preSolution
		Debug|Any CPU = Debug|Any CPU
		Debug|ARM = Debug|ARM
		Debug|x64 = Debug|x64
		Debug|x86 = Debug|x86
		Release|Any CPU = Release|Any CPU
		Release|ARM = Release|ARM
		Release|x64 = Release|x64
		Release|x86 = Release|x86
	EndGlobalSection
	GlobalSection(ProjectConfigurationPlatforms) = postSolution
		{C1A889EE-F13B-4E97-B65E-F44CF6C5EA85}.Debug|Any CPU.ActiveCfg = Debug|x64
		{C1A889EE-F13B-4E97-B65E-F44CF6C5EA85}.Debug|Any CPU.Build.0 = Debug|x64
		{C1A889EE-F13B-4E97-B65E-F44CF6C5EA85}.Debug|Any CPU.Deploy.0 = Debug|x64
		{C1A889EE-F13B-4E97-B65E-F44CF6C5EA85}.Debug|ARM.ActiveCfg = Debug|ARM
		{C1A889EE-F13B-4E97-B65E-F44CF6C5EA85}.Debug|ARM.Build.0 = Debug|ARM
		{C1A889EE-F13B-4E97-B65E-F44CF6C5EA85}.Debug|ARM.Deploy.0 = Debug|ARM
		{C1A889EE-F13B-4E97-B65E-F44CF6C5EA85}.Debug|x64.ActiveCfg = Debug|x64
		{C1A889EE-F13B-4E97-B65E-F44CF6C5EA85}.Debug|x64.Build.0 = Debug|x64
		{C1A889EE-F13B-4E97-B65E-F44CF6C5EA85}.Debug|x64.Deploy.0 = Debug|x64
		{C1A889EE-F13B-4E97-B65E-F44CF6C5EA85}.Debug|x86.ActiveCfg = Debug|x86
		{C1A889EE-F13B-4E97-B65E-F44CF6C5EA85}.Debug|x86.Build.0 = Debug|x86
		{C1A889EE-F13B-4E97-B65E-F44CF6C5EA85}.Debug|x86.Deploy.0 = Debug|x86
		{C1A889EE-F13B-4E97-B65E-F44CF6C5EA85}.Release|Any CPU.ActiveCfg = Release|x64
		{C1A889EE-F13B-4E97-B65E-F44CF6C5EA85}.Release|Any CPU.Build.0 = Release|x64
		{C1A889EE-F13B-4E97-B65E-F44CF6C5EA85}.Release|Any CPU.Deploy.0 = Release|x64
		{C1A889EE-F13B-4E97-B65E-F44CF6C5EA85}.Release|ARM.ActiveCfg = Release|ARM
		{C1A889EE-F13B-4E97-B65E-F44CF6C5EA85}.Release|ARM.Build.0 = Release|ARM
		{C1A889EE-F13B-4E97-B65E-F44CF6C5EA85}.Release|ARM.Deploy.0 = Release|ARM
		{C1A889EE-F13B-4E97-B65E-F44CF6C5EA85}.Release|x64.ActiveCfg = Release|x64
		{C1A889EE-F13B-4E97-B65E-F44CF6C5EA85}.Release|x64.Build.0 = Release|x64
		{C1A889EE-F13B-4E97-B65E-F44CF6C5EA85}.Release|x64.Deploy.0 = Release|x64
		{C1A889EE-F13B-4E97-B65E-F44CF6C5EA85}.Release|x86.ActiveCfg = Release|x86
		{C1A889EE-F13B-4E97-B65E-F44CF6C5EA85}.Release|x86.Build.0 = Release|x86
		{C1A889EE-F13B-4E97-B65E-F44CF6C5EA85}.Release|x86.Deploy.0 = Release|x86
		{D370742B-4410-403A-AC52-8F4D9ED54A39}.Debug|Any CPU.ActiveCfg = Debug|Any CPU
		{D370742B-4410-403A-AC52-8F4D9ED54A39}.Debug|Any CPU.Build.0 = Debug|Any CPU
		{D370742B-4410-403A-AC52-8F4D9ED54A39}.Debug|Any CPU.Deploy.0 = Debug|Any CPU
		{D370742B-4410-403A-AC52-8F4D9ED54A39}.Debug|ARM.ActiveCfg = Debug|Any CPU
		{D370742B-4410-403A-AC52-8F4D9ED54A39}.Debug|ARM.Build.0 = Debug|Any CPU
		{D370742B-4410-403A-AC52-8F4D9ED54A39}.Debug|ARM.Deploy.0 = Debug|Any CPU
		{D370742B-4410-403A-AC52-8F4D9ED54A39}.Debug|x64.ActiveCfg = Debug|Any CPU
		{D370742B-4410-403A-AC52-8F4D9ED54A39}.Debug|x64.Build.0 = Debug|Any CPU
		{D370742B-4410-403A-AC52-8F4D9ED54A39}.Debug|x64.Deploy.0 = Debug|Any CPU
		{D370742B-4410-403A-AC52-8F4D9ED54A39}.Debug|x86.ActiveCfg = Debug|Any CPU
		{D370742B-4410-403A-AC52-8F4D9ED54A39}.Debug|x86.Build.0 = Debug|Any CPU
		{D370742B-4410-403A-AC52-8F4D9ED54A39}.Debug|x86.Deploy.0 = Debug|Any CPU
		{D370742B-4410-403A-AC52-8F4D9ED54A39}.Release|Any CPU.ActiveCfg = Release|Any CPU
		{D370742B-4410-403A-AC52-8F4D9ED54A39}.Release|Any CPU.Build.0 = Release|Any CPU
		{D370742B-4410-403A-AC52-8F4D9ED54A39}.Release|Any CPU.Deploy.0 = Release|Any CPU
		{D370742B-4410-403A-AC52-8F4D9ED54A39}.Release|ARM.ActiveCfg = Release|Any CPU
		{D370742B-4410-403A-AC52-8F4D9ED54A39}.Release|ARM.Build.0 = Release|Any CPU
		{D370742B-4410-403A-AC52-8F4D9ED54A39}.Release|ARM.Deploy.0 = Release|Any CPU
		{D370742B-4410-403A-AC52-8F4D9ED54A39}.Release|x64.ActiveCfg = Release|Any CPU
		{D370742B-4410-403A-AC52-8F4D9ED54A39}.Release|x64.Build.0 = Release|Any CPU
		{D370742B-4410-403A-AC52-8F4D9ED54A39}.Release|x64.Deploy.0 = Release|Any CPU
		{D370742B-4410-403A-AC52-8F4D9ED54A39}.Release|x86.ActiveCfg = Release|Any CPU
		{D370742B-4410-403A-AC52-8F4D9ED54A39}.Release|x86.Build.0 = Release|Any CPU
		{D370742B-4410-403A-AC52-8F4D9ED54A39}.Release|x86.Deploy.0 = Release|Any CPU
		{A6415034-F8CC-40D8-9D80-A921BDE95658}.Debug|Any CPU.ActiveCfg = Debug|Any CPU
		{A6415034-F8CC-40D8-9D80-A921BDE95658}.Debug|Any CPU.Build.0 = Debug|Any CPU
		{A6415034-F8CC-40D8-9D80-A921BDE95658}.Debug|Any CPU.Deploy.0 = Debug|Any CPU
		{A6415034-F8CC-40D8-9D80-A921BDE95658}.Debug|ARM.ActiveCfg = Debug|Any CPU
		{A6415034-F8CC-40D8-9D80-A921BDE95658}.Debug|ARM.Build.0 = Debug|Any CPU
		{A6415034-F8CC-40D8-9D80-A921BDE95658}.Debug|ARM.Deploy.0 = Debug|Any CPU
		{A6415034-F8CC-40D8-9D80-A921BDE95658}.Debug|x64.ActiveCfg = Debug|Any CPU
		{A6415034-F8CC-40D8-9D80-A921BDE95658}.Debug|x64.Build.0 = Debug|Any CPU
		{A6415034-F8CC-40D8-9D80-A921BDE95658}.Debug|x64.Deploy.0 = Debug|Any CPU
		{A6415034-F8CC-40D8-9D80-A921BDE95658}.Debug|x86.ActiveCfg = Debug|Any CPU
		{A6415034-F8CC-40D8-9D80-A921BDE95658}.Debug|x86.Build.0 = Debug|Any CPU
		{A6415034-F8CC-40D8-9D80-A921BDE95658}.Debug|x86.Deploy.0 = Debug|Any CPU
		{A6415034-F8CC-40D8-9D80-A921BDE95658}.Release|Any CPU.ActiveCfg = Release|Any CPU
		{A6415034-F8CC-40D8-9D80-A921BDE95658}.Release|Any CPU.Build.0 = Release|Any CPU
		{A6415034-F8CC-40D8-9D80-A921BDE95658}.Release|Any CPU.Deploy.0 = Release|Any CPU
		{A6415034-F8CC-40D8-9D80-A921BDE95658}.Release|ARM.ActiveCfg = Release|Any CPU
		{A6415034-F8CC-40D8-9D80-A921BDE95658}.Release|ARM.Build.0 = Release|Any CPU
		{A6415034-F8CC-40D8-9D80-A921BDE95658}.Release|ARM.Deploy.0 = Release|Any CPU
		{A6415034-F8CC-40D8-9D80-A921BDE95658}.Release|x64.ActiveCfg = Release|Any CPU
		{A6415034-F8CC-40D8-9D80-A921BDE95658}.Release|x64.Build.0 = Release|Any CPU
		{A6415034-F8CC-40D8-9D80-A921BDE95658}.Release|x64.Deploy.0 = Release|Any CPU
		{A6415034-F8CC-40D8-9D80-A921BDE95658}.Release|x86.ActiveCfg = Release|Any CPU
		{A6415034-F8CC-40D8-9D80-A921BDE95658}.Release|x86.Build.0 = Release|Any CPU
		{A6415034-F8CC-40D8-9D80-A921BDE95658}.Release|x86.Deploy.0 = Release|Any CPU
	EndGlobalSection
	GlobalSection(SolutionProperties) = preSolution
		HideSolutionNode = FALSE
	EndGlobalSection
	GlobalSection(ExtensibilityGlobals) = postSolution
		SolutionGuid = {F1AE036E-69D3-4372-A15D-6E936F4702A3}
	EndGlobalSection
EndGlobal
